
Microsoft Visual Studio Solution File, Format Version 12.00
# Visual Studio Version 17
VisualStudioVersion = 17.12.35527.113
MinimumVisualStudioVersion = 10.0.40219.1
Project("{2150E333-8FDC-42A3-9474-1A3956D46DE8}") = "CretionalPatterns", "CretionalPatterns", "{3270BCA1-A510-4046-A2D1-92DFD7FD8ADE}"
EndProject
Project("{FAE04EC0-301F-11D3-BF4B-00C04F79EFBC}") = "FactoryMethodPattern", "FactoryMethodPattern\FactoryMethodPattern.csproj", "{400E7A75-2422-4D5F-AFA1-1499D4E368CF}"
EndProject
Project("{FAE04EC0-301F-11D3-BF4B-00C04F79EFBC}") = "SingletonPattern", "SingletonPattern\SingletonPattern.csproj", "{762B5876-5FE7-4AF1-8433-19BCA4B5E5D3}"
EndProject
Project("{2150E333-8FDC-42A3-9474-1A3956D46DE8}") = "Ornekler", "Ornekler", "{35B99B84-25A9-4F5F-83D1-E4ED29C99F7D}"
EndProject
Project("{FAE04EC0-301F-11D3-BF4B-00C04F79EFBC}") = "NorthwindSingleton", "NorthwindSingleton\NorthwindSingleton.csproj", "{26D1E578-4C2B-454A-B17A-A8967EB8435A}"
EndProject
Project("{FAE04EC0-301F-11D3-BF4B-00C04F79EFBC}") = "AbstractFactoryPattern", "AbstractFactoryPattern\AbstractFactoryPattern.csproj", "{63746B5E-A94E-4ACA-BA37-A2DFC2EF2792}"
EndProject
Project("{FAE04EC0-301F-11D3-BF4B-00C04F79EFBC}") = "BuilderPattern", "BuilderPattern\BuilderPattern.csproj", "{01AF0750-1A5D-4CDE-9BF9-3062F98F3DFD}"
EndProject
Global
	GlobalSection(SolutionConfigurationPlatforms) = preSolution
		Debug|Any CPU = Debug|Any CPU
		Release|Any CPU = Release|Any CPU
	EndGlobalSection
	GlobalSection(ProjectConfigurationPlatforms) = postSolution
		{400E7A75-2422-4D5F-AFA1-1499D4E368CF}.Debug|Any CPU.ActiveCfg = Debug|Any CPU
		{400E7A75-2422-4D5F-AFA1-1499D4E368CF}.Debug|Any CPU.Build.0 = Debug|Any CPU
		{400E7A75-2422-4D5F-AFA1-1499D4E368CF}.Release|Any CPU.ActiveCfg = Release|Any CPU
		{400E7A75-2422-4D5F-AFA1-1499D4E368CF}.Release|Any CPU.Build.0 = Release|Any CPU
		{762B5876-5FE7-4AF1-8433-19BCA4B5E5D3}.Debug|Any CPU.ActiveCfg = Debug|Any CPU
		{762B5876-5FE7-4AF1-8433-19BCA4B5E5D3}.Debug|Any CPU.Build.0 = Debug|Any CPU
		{762B5876-5FE7-4AF1-8433-19BCA4B5E5D3}.Release|Any CPU.ActiveCfg = Release|Any CPU
		{762B5876-5FE7-4AF1-8433-19BCA4B5E5D3}.Release|Any CPU.Build.0 = Release|Any CPU
		{26D1E578-4C2B-454A-B17A-A8967EB8435A}.Debug|Any CPU.ActiveCfg = Debug|Any CPU
		{26D1E578-4C2B-454A-B17A-A8967EB8435A}.Debug|Any CPU.Build.0 = Debug|Any CPU
		{26D1E578-4C2B-454A-B17A-A8967EB8435A}.Release|Any CPU.ActiveCfg = Release|Any CPU
		{26D1E578-4C2B-454A-B17A-A8967EB8435A}.Release|Any CPU.Build.0 = Release|Any CPU
		{63746B5E-A94E-4ACA-BA37-A2DFC2EF2792}.Debug|Any CPU.ActiveCfg = Debug|Any CPU
		{63746B5E-A94E-4ACA-BA37-A2DFC2EF2792}.Debug|Any CPU.Build.0 = Debug|Any CPU
		{63746B5E-A94E-4ACA-BA37-A2DFC2EF2792}.Release|Any CPU.ActiveCfg = Release|Any CPU
		{63746B5E-A94E-4ACA-BA37-A2DFC2EF2792}.Release|Any CPU.Build.0 = Release|Any CPU
		{01AF0750-1A5D-4CDE-9BF9-3062F98F3DFD}.Debug|Any CPU.ActiveCfg = Debug|Any CPU
		{01AF0750-1A5D-4CDE-9BF9-3062F98F3DFD}.Debug|Any CPU.Build.0 = Debug|Any CPU
		{01AF0750-1A5D-4CDE-9BF9-3062F98F3DFD}.Release|Any CPU.ActiveCfg = Release|Any CPU
		{01AF0750-1A5D-4CDE-9BF9-3062F98F3DFD}.Release|Any CPU.Build.0 = Release|Any CPU
	EndGlobalSection
	GlobalSection(SolutionProperties) = preSolution
		HideSolutionNode = FALSE
	EndGlobalSection
	GlobalSection(NestedProjects) = preSolution
		{400E7A75-2422-4D5F-AFA1-1499D4E368CF} = {3270BCA1-A510-4046-A2D1-92DFD7FD8ADE}
		{762B5876-5FE7-4AF1-8433-19BCA4B5E5D3} = {3270BCA1-A510-4046-A2D1-92DFD7FD8ADE}
		{26D1E578-4C2B-454A-B17A-A8967EB8435A} = {35B99B84-25A9-4F5F-83D1-E4ED29C99F7D}
		{63746B5E-A94E-4ACA-BA37-A2DFC2EF2792} = {3270BCA1-A510-4046-A2D1-92DFD7FD8ADE}
		{01AF0750-1A5D-4CDE-9BF9-3062F98F3DFD} = {3270BCA1-A510-4046-A2D1-92DFD7FD8ADE}
	EndGlobalSection
EndGlobal
