
Microsoft Visual Studio Solution File, Format Version 12.00
# Visual Studio Version 17
VisualStudioVersion = 17.12.35527.113 d17.12
MinimumVisualStudioVersion = 10.0.40219.1
Project("{2150E333-8FDC-42A3-9474-1A3956D46DE8}") = "1-SRP", "1-SRP", "{F52B61FA-64CE-4E94-B4BD-22EEBC23B471}"
EndProject
Project("{2150E333-8FDC-42A3-9474-1A3956D46DE8}") = "Bad", "Bad", "{7899BEBA-5C55-4FA8-9236-210B6EF93C92}"
EndProject
Project("{2150E333-8FDC-42A3-9474-1A3956D46DE8}") = "Validate", "Validate", "{2901B8FB-510F-4E0C-A54D-E26979A21AF1}"
EndProject
Project("{FAE04EC0-301F-11D3-BF4B-00C04F79EFBC}") = "SRP_Bad", "SRP_Bad\SRP_Bad.csproj", "{06723C40-21D3-4FAA-AED3-39FF6B1F2F85}"
EndProject
Project("{FAE04EC0-301F-11D3-BF4B-00C04F79EFBC}") = "SRP_Validate", "SRP_Validate\SRP_Validate.csproj", "{633F3603-CFB6-478B-9F2F-654FD4B86D17}"
EndProject
Project("{2150E333-8FDC-42A3-9474-1A3956D46DE8}") = "2-OCP", "2-OCP", "{75F1DA9C-F209-45D7-9F78-A7A2DE57BB37}"
EndProject
Project("{FAE04EC0-301F-11D3-BF4B-00C04F79EFBC}") = "OCP_Bad", "OCP_Bad\OCP_Bad.csproj", "{56F02EFD-0086-4F67-AA12-035DEB350F76}"
EndProject
Project("{FAE04EC0-301F-11D3-BF4B-00C04F79EFBC}") = "OCP_Validate", "OCP_Validate\OCP_Validate.csproj", "{AA32F36B-4A86-4FB0-892E-B5871061F7E8}"
EndProject
Project("{2150E333-8FDC-42A3-9474-1A3956D46DE8}") = "3-LSP", "3-LSP", "{FB58A70B-3216-44D4-A79D-C5E5B61E91A8}"
EndProject
Project("{FAE04EC0-301F-11D3-BF4B-00C04F79EFBC}") = "LSP_Bad", "LSP_Bad\LSP_Bad.csproj", "{E1400D24-8749-4D34-BD5F-1662CACBB416}"
EndProject
Project("{FAE04EC0-301F-11D3-BF4B-00C04F79EFBC}") = "LSP_Validate", "LSP_Validate\LSP_Validate.csproj", "{4047B49A-4E61-41F8-9176-E2908E0090C5}"
EndProject
Project("{2150E333-8FDC-42A3-9474-1A3956D46DE8}") = "4-ISP", "4-ISP", "{7247F007-541B-4910-A154-96EA3EA23B27}"
EndProject
Project("{FAE04EC0-301F-11D3-BF4B-00C04F79EFBC}") = "ISP_Bad", "ISP_Bad\ISP_Bad.csproj", "{EFED99F3-5089-4775-A8F8-1ABE7770BE9C}"
EndProject
Project("{FAE04EC0-301F-11D3-BF4B-00C04F79EFBC}") = "ISP_Validate", "ISP_Validate\ISP_Validate.csproj", "{CFE8BB85-4B69-45CE-9104-17F86B42128C}"
EndProject
Project("{2150E333-8FDC-42A3-9474-1A3956D46DE8}") = "5-DIP", "5-DIP", "{AD3CC649-7377-46D3-932E-B689FB7AF216}"
EndProject
Project("{FAE04EC0-301F-11D3-BF4B-00C04F79EFBC}") = "DIP_Bad", "DIP_Bad\DIP_Bad.csproj", "{23D69CF2-6F45-4744-BC56-CB9A2EBDA9B9}"
EndProject
Project("{FAE04EC0-301F-11D3-BF4B-00C04F79EFBC}") = "DIP_Validate", "DIP_Validate\DIP_Validate.csproj", "{B5130194-FDD0-46E2-86FE-98634211991C}"
EndProject
Project("{2150E333-8FDC-42A3-9474-1A3956D46DE8}") = "Solution Items", "Solution Items", "{47D09CF8-A5B8-4C61-B132-1B54E68FD060}"
	ProjectSection(SolutionItems) = preProject
		Readme.md = Readme.md
	EndProjectSection
EndProject
Global
	GlobalSection(SolutionConfigurationPlatforms) = preSolution
		Debug|Any CPU = Debug|Any CPU
		Release|Any CPU = Release|Any CPU
	EndGlobalSection
	GlobalSection(ProjectConfigurationPlatforms) = postSolution
		{06723C40-21D3-4FAA-AED3-39FF6B1F2F85}.Debug|Any CPU.ActiveCfg = Debug|Any CPU
		{06723C40-21D3-4FAA-AED3-39FF6B1F2F85}.Debug|Any CPU.Build.0 = Debug|Any CPU
		{06723C40-21D3-4FAA-AED3-39FF6B1F2F85}.Release|Any CPU.ActiveCfg = Release|Any CPU
		{06723C40-21D3-4FAA-AED3-39FF6B1F2F85}.Release|Any CPU.Build.0 = Release|Any CPU
		{633F3603-CFB6-478B-9F2F-654FD4B86D17}.Debug|Any CPU.ActiveCfg = Debug|Any CPU
		{633F3603-CFB6-478B-9F2F-654FD4B86D17}.Debug|Any CPU.Build.0 = Debug|Any CPU
		{633F3603-CFB6-478B-9F2F-654FD4B86D17}.Release|Any CPU.ActiveCfg = Release|Any CPU
		{633F3603-CFB6-478B-9F2F-654FD4B86D17}.Release|Any CPU.Build.0 = Release|Any CPU
		{56F02EFD-0086-4F67-AA12-035DEB350F76}.Debug|Any CPU.ActiveCfg = Debug|Any CPU
		{56F02EFD-0086-4F67-AA12-035DEB350F76}.Debug|Any CPU.Build.0 = Debug|Any CPU
		{56F02EFD-0086-4F67-AA12-035DEB350F76}.Release|Any CPU.ActiveCfg = Release|Any CPU
		{56F02EFD-0086-4F67-AA12-035DEB350F76}.Release|Any CPU.Build.0 = Release|Any CPU
		{AA32F36B-4A86-4FB0-892E-B5871061F7E8}.Debug|Any CPU.ActiveCfg = Debug|Any CPU
		{AA32F36B-4A86-4FB0-892E-B5871061F7E8}.Debug|Any CPU.Build.0 = Debug|Any CPU
		{AA32F36B-4A86-4FB0-892E-B5871061F7E8}.Release|Any CPU.ActiveCfg = Release|Any CPU
		{AA32F36B-4A86-4FB0-892E-B5871061F7E8}.Release|Any CPU.Build.0 = Release|Any CPU
		{E1400D24-8749-4D34-BD5F-1662CACBB416}.Debug|Any CPU.ActiveCfg = Debug|Any CPU
		{E1400D24-8749-4D34-BD5F-1662CACBB416}.Debug|Any CPU.Build.0 = Debug|Any CPU
		{E1400D24-8749-4D34-BD5F-1662CACBB416}.Release|Any CPU.ActiveCfg = Release|Any CPU
		{E1400D24-8749-4D34-BD5F-1662CACBB416}.Release|Any CPU.Build.0 = Release|Any CPU
		{4047B49A-4E61-41F8-9176-E2908E0090C5}.Debug|Any CPU.ActiveCfg = Debug|Any CPU
		{4047B49A-4E61-41F8-9176-E2908E0090C5}.Debug|Any CPU.Build.0 = Debug|Any CPU
		{4047B49A-4E61-41F8-9176-E2908E0090C5}.Release|Any CPU.ActiveCfg = Release|Any CPU
		{4047B49A-4E61-41F8-9176-E2908E0090C5}.Release|Any CPU.Build.0 = Release|Any CPU
		{EFED99F3-5089-4775-A8F8-1ABE7770BE9C}.Debug|Any CPU.ActiveCfg = Debug|Any CPU
		{EFED99F3-5089-4775-A8F8-1ABE7770BE9C}.Debug|Any CPU.Build.0 = Debug|Any CPU
		{EFED99F3-5089-4775-A8F8-1ABE7770BE9C}.Release|Any CPU.ActiveCfg = Release|Any CPU
		{EFED99F3-5089-4775-A8F8-1ABE7770BE9C}.Release|Any CPU.Build.0 = Release|Any CPU
		{CFE8BB85-4B69-45CE-9104-17F86B42128C}.Debug|Any CPU.ActiveCfg = Debug|Any CPU
		{CFE8BB85-4B69-45CE-9104-17F86B42128C}.Debug|Any CPU.Build.0 = Debug|Any CPU
		{CFE8BB85-4B69-45CE-9104-17F86B42128C}.Release|Any CPU.ActiveCfg = Release|Any CPU
		{CFE8BB85-4B69-45CE-9104-17F86B42128C}.Release|Any CPU.Build.0 = Release|Any CPU
		{23D69CF2-6F45-4744-BC56-CB9A2EBDA9B9}.Debug|Any CPU.ActiveCfg = Debug|Any CPU
		{23D69CF2-6F45-4744-BC56-CB9A2EBDA9B9}.Debug|Any CPU.Build.0 = Debug|Any CPU
		{23D69CF2-6F45-4744-BC56-CB9A2EBDA9B9}.Release|Any CPU.ActiveCfg = Release|Any CPU
		{23D69CF2-6F45-4744-BC56-CB9A2EBDA9B9}.Release|Any CPU.Build.0 = Release|Any CPU
		{B5130194-FDD0-46E2-86FE-98634211991C}.Debug|Any CPU.ActiveCfg = Debug|Any CPU
		{B5130194-FDD0-46E2-86FE-98634211991C}.Debug|Any CPU.Build.0 = Debug|Any CPU
		{B5130194-FDD0-46E2-86FE-98634211991C}.Release|Any CPU.ActiveCfg = Release|Any CPU
		{B5130194-FDD0-46E2-86FE-98634211991C}.Release|Any CPU.Build.0 = Release|Any CPU
	EndGlobalSection
	GlobalSection(SolutionProperties) = preSolution
		HideSolutionNode = FALSE
	EndGlobalSection
	GlobalSection(NestedProjects) = preSolution
		{7899BEBA-5C55-4FA8-9236-210B6EF93C92} = {F52B61FA-64CE-4E94-B4BD-22EEBC23B471}
		{2901B8FB-510F-4E0C-A54D-E26979A21AF1} = {F52B61FA-64CE-4E94-B4BD-22EEBC23B471}
		{06723C40-21D3-4FAA-AED3-39FF6B1F2F85} = {7899BEBA-5C55-4FA8-9236-210B6EF93C92}
		{633F3603-CFB6-478B-9F2F-654FD4B86D17} = {2901B8FB-510F-4E0C-A54D-E26979A21AF1}
		{56F02EFD-0086-4F67-AA12-035DEB350F76} = {75F1DA9C-F209-45D7-9F78-A7A2DE57BB37}
		{AA32F36B-4A86-4FB0-892E-B5871061F7E8} = {75F1DA9C-F209-45D7-9F78-A7A2DE57BB37}
		{E1400D24-8749-4D34-BD5F-1662CACBB416} = {FB58A70B-3216-44D4-A79D-C5E5B61E91A8}
		{4047B49A-4E61-41F8-9176-E2908E0090C5} = {FB58A70B-3216-44D4-A79D-C5E5B61E91A8}
		{EFED99F3-5089-4775-A8F8-1ABE7770BE9C} = {7247F007-541B-4910-A154-96EA3EA23B27}
		{CFE8BB85-4B69-45CE-9104-17F86B42128C} = {7247F007-541B-4910-A154-96EA3EA23B27}
		{23D69CF2-6F45-4744-BC56-CB9A2EBDA9B9} = {AD3CC649-7377-46D3-932E-B689FB7AF216}
		{B5130194-FDD0-46E2-86FE-98634211991C} = {AD3CC649-7377-46D3-932E-B689FB7AF216}
	EndGlobalSection
EndGlobal
