
Microsoft Visual Studio Solution File, Format Version 12.00
# Visual Studio Version 17
VisualStudioVersion = 17.12.35527.113 d17.12
MinimumVisualStudioVersion = 10.0.40219.1
Project("{FAE04EC0-301F-11D3-BF4B-00C04F79EFBC}") = "Api_JWT", "Api_JWT\Api_JWT.csproj", "{CA438D0F-B411-4ADC-B87A-5F4DA56070F9}"
EndProject
Project("{FAE04EC0-301F-11D3-BF4B-00C04F79EFBC}") = "Client", "Client\Client.csproj", "{27F38694-7A2F-419B-BEF0-4F18E4797CE3}"
EndProject
Global
	GlobalSection(SolutionConfigurationPlatforms) = preSolution
		Debug|Any CPU = Debug|Any CPU
		Release|Any CPU = Release|Any CPU
	EndGlobalSection
	GlobalSection(ProjectConfigurationPlatforms) = postSolution
		{CA438D0F-B411-4ADC-B87A-5F4DA56070F9}.Debug|Any CPU.ActiveCfg = Debug|Any CPU
		{CA438D0F-B411-4ADC-B87A-5F4DA56070F9}.Debug|Any CPU.Build.0 = Debug|Any CPU
		{CA438D0F-B411-4ADC-B87A-5F4DA56070F9}.Release|Any CPU.ActiveCfg = Release|Any CPU
		{CA438D0F-B411-4ADC-B87A-5F4DA56070F9}.Release|Any CPU.Build.0 = Release|Any CPU
		{27F38694-7A2F-419B-BEF0-4F18E4797CE3}.Debug|Any CPU.ActiveCfg = Debug|Any CPU
		{27F38694-7A2F-419B-BEF0-4F18E4797CE3}.Debug|Any CPU.Build.0 = Debug|Any CPU
		{27F38694-7A2F-419B-BEF0-4F18E4797CE3}.Release|Any CPU.ActiveCfg = Release|Any CPU
		{27F38694-7A2F-419B-BEF0-4F18E4797CE3}.Release|Any CPU.Build.0 = Release|Any CPU
	EndGlobalSection
	GlobalSection(SolutionProperties) = preSolution
		HideSolutionNode = FALSE
	EndGlobalSection
EndGlobal
